
Microsoft Visual Studio Solution File, Format Version 12.00
# Visual Studio 15
VisualStudioVersion = 15.0.27703.2000
MinimumVisualStudioVersion = 10.0.40219.1
Project("{9A19103F-16F7-4668-BE54-9A1E7A4F7556}") = "Battleship.API", "Battleship.API\Battleship.API.csproj", "{CF00E672-9DBE-428E-A0D5-DC463BCF0519}"
EndProject
Project("{FAE04EC0-301F-11D3-BF4B-00C04F79EFBC}") = "Battleship.Domain", "Battleship.Domain\Battleship.Domain.csproj", "{68A5EDA3-E56F-4717-BE82-827071DBB88B}"
EndProject
Project("{FAE04EC0-301F-11D3-BF4B-00C04F79EFBC}") = "Battleship.Tests", "Battleship.Tests\Battleship.Tests.csproj", "{103A98D4-D56E-40A7-B65B-BF37173D9EA0}"
EndProject
Global
	GlobalSection(SolutionConfigurationPlatforms) = preSolution
		Debug|Any CPU = Debug|Any CPU
		Release|Any CPU = Release|Any CPU
	EndGlobalSection
	GlobalSection(ProjectConfigurationPlatforms) = postSolution
		{CF00E672-9DBE-428E-A0D5-DC463BCF0519}.Debug|Any CPU.ActiveCfg = Debug|Any CPU
		{CF00E672-9DBE-428E-A0D5-DC463BCF0519}.Debug|Any CPU.Build.0 = Debug|Any CPU
		{CF00E672-9DBE-428E-A0D5-DC463BCF0519}.Release|Any CPU.ActiveCfg = Release|Any CPU
		{CF00E672-9DBE-428E-A0D5-DC463BCF0519}.Release|Any CPU.Build.0 = Release|Any CPU
		{68A5EDA3-E56F-4717-BE82-827071DBB88B}.Debug|Any CPU.ActiveCfg = Debug|Any CPU
		{68A5EDA3-E56F-4717-BE82-827071DBB88B}.Debug|Any CPU.Build.0 = Debug|Any CPU
		{68A5EDA3-E56F-4717-BE82-827071DBB88B}.Release|Any CPU.ActiveCfg = Release|Any CPU
		{68A5EDA3-E56F-4717-BE82-827071DBB88B}.Release|Any CPU.Build.0 = Release|Any CPU
		{103A98D4-D56E-40A7-B65B-BF37173D9EA0}.Debug|Any CPU.ActiveCfg = Debug|Any CPU
		{103A98D4-D56E-40A7-B65B-BF37173D9EA0}.Debug|Any CPU.Build.0 = Debug|Any CPU
		{103A98D4-D56E-40A7-B65B-BF37173D9EA0}.Release|Any CPU.ActiveCfg = Release|Any CPU
		{103A98D4-D56E-40A7-B65B-BF37173D9EA0}.Release|Any CPU.Build.0 = Release|Any CPU
	EndGlobalSection
	GlobalSection(SolutionProperties) = preSolution
		HideSolutionNode = FALSE
	EndGlobalSection
	GlobalSection(ExtensibilityGlobals) = postSolution
		SolutionGuid = {659A7F80-AAE4-4DFA-AFC0-005B69BFA1FA}
	EndGlobalSection
EndGlobal
